
Microsoft Visual Studio Solution File, Format Version 12.00
# Visual Studio 14
VisualStudioVersion = 14.0.24720.0
MinimumVisualStudioVersion = 10.0.40219.1
Project("{D2ABAB84-BF74-430A-B69E-9DC6D40DDA17}") = "EmodeCube", "EmodeCube.dwproj", "{8EB02C45-7101-4AA5-8A1A-92517FBAD756}"
EndProject
Global
	GlobalSection(SolutionConfigurationPlatforms) = preSolution
		Development|Default = Development|Default
	EndGlobalSection
	GlobalSection(ProjectConfigurationPlatforms) = postSolution
		{8EB02C45-7101-4AA5-8A1A-92517FBAD756}.Development|Default.ActiveCfg = Development
		{8EB02C45-7101-4AA5-8A1A-92517FBAD756}.Development|Default.Build.0 = Development
		{8EB02C45-7101-4AA5-8A1A-92517FBAD756}.Development|Default.Deploy.0 = Development
	EndGlobalSection
	GlobalSection(SolutionProperties) = preSolution
		HideSolutionNode = FALSE
	EndGlobalSection
EndGlobal
